{
  "name": "dashboard",
  "version": "0.1.0",
  "lockfileVersion": 3,
  "requires": true,
  "packages": {
    "": {
      "name": "dashboard",
      "version": "0.1.0",
      "dependencies": {
        "@clerk/nextjs": "^7.3.3",
        "dotenv": "^17.4.2",
        "firebase": "^11.0.2",
        "firebase-admin": "^12.7.0",
        "lucide-react": "^1.16.0",
        "next": "^15.2.8",
        "react": "^19.2.6",
        "react-dom": "^19.2.6"
      },
      "devDependencies": {
        "@cloudflare/next-on-pages": "^1.13.16",
        "@playwright/test": "^1.49.0",
        "@tailwindcss/postcss": "^4",
        "@testing-library/dom": "^10.4.1",
        "@testing-library/jest-dom": "^6.9.1",
        "@testing-library/react": "^16.3.2",
        "@types/node": "^20",
        "@types/react": "^19",
        "@types/react-dom": "^19",
        "@vitejs/plugin-react": "^6.0.2",
        "eslint": "^9",
        "eslint-config-next": "^15.2.8",
        "jsdom": "^29.1.1",
        "tailwindcss": "^4",
        "typescript": "^5",
        "vitest": "^4.1.7"
      }
    },
    "node_modules/@clerk/nextjs": {
      "version": "7.3.3",
      "resolved": "https://registry.npmjs.org/@clerk/nextjs/-/nextjs-7.3.3.tgz",
      "integrity": "sha512-MvDczhXM5v9H/a6qd7O52Ydj6CNtgSSPBrpC6HzlfB+nkP8GrsRl/sH+jFrGmRnLsT7Q7A9TESXkrbuHoeGAeQ==",
      "license": "MIT",
      "dependencies": {
        "@clerk/backend": "^3.4.7",
        "@clerk/react": "^6.6.2",
        "@clerk/shared": "^4.10.2",
        "server-only": "0.0.1",
        "tslib": "2.8.1"
      },
      "engines": {
        "node": ">=20.9.0"
      },
      "peerDependencies": {
        "next": "^15.2.8 || ^15.3.8 || ^15.4.10 || ^15.5.9 || ^15.6.0-0 || ^16.0.10 || ^16.1.0-0",
        "react": "^18.0.0 || ~19.0.3 || ~19.1.4 || ~19.2.3 || ~19.3.0-0",
        "react-dom": "^18.0.0 || ~19.0.3 || ~19.1.4 || ~19.2.3 || ~19.3.0-0"
      }
    },
    "node_modules/@clerk/backend": {
      "version": "3.4.11",
      "resolved": "https://registry.npmjs.org/@clerk/backend/-/backend-3.4.11.tgz",
      "integrity": "sha512-WT+4FrcMMofxe+irQYUkawoRWaHHXT9/wiRYhRbSb30cOPjN95ViydqPhAyp8ZWAHInHg4mILynQQRJH14SKZQ==",
      "license": "MIT",
      "dependencies": {
        "@clerk/shared": "^4.12.2",
        "standardwebhooks": "^1.0.0",
        "tslib": "2.8.1"
      },
      "engines": {
        "node": ">=20.9.0"
      }
    },
    "node_modules/@clerk/react": {
      "version": "6.6.6",
      "resolved": "https://registry.npmjs.org/@clerk/react/-/react-6.6.6.tgz",
      "integrity": "sha512-MVHLDZeGobSbGSZgAdb4G1BbB8ZU5XAmBBdIVLXiPOLEst2TYM5bP137WRA76y9GlmVmKYdKzph/TUi87P/JOA==",
      "license": "MIT",
      "dependencies": {
        "@clerk/shared": "^4.12.2",
        "tslib": "2.8.1"
      },
      "engines": {
        "node": ">=20.9.0"
      },
      "peerDependencies": {
        "react": "^18.0.0 || ~19.0.3 || ~19.1.4 || ~19.2.3 || ~19.3.0-0",
        "react-dom": "^18.0.0 || ~19.0.3 || ~19.1.4 || ~19.2.3 || ~19.3.0-0"
      }
    },
    "node_modules/@clerk/shared": {
      "version": "4.12.2",
      "resolved": "https://registry.npmjs.org/@clerk/shared/-/shared-4.12.2.tgz",
      "integrity": "sha512-jDkip8tKTzYz/cPKMCsjOoACH3Xh37zcbCrssMRTYOq3GZypIpZ6WAs4m4G82URL0WY+yz5frrHVjRrHyAb6LA==",
      "hasInstallScript": true,
      "license": "MIT",
      "dependencies": {
        "@tanstack/query-core": "^5.100.6",
        "dequal": "2.0.3",
        "glob-to-regexp": "0.4.1",
        "js-cookie": "3.0.5",
        "std-env": "^3.9.0"
      },
      "engines": {
        "node": ">=20.9.0"
      },
      "peerDependencies": {
        "react": "^18.0.0 || ~19.0.3 || ~19.1.4 || ~19.2.3 || ~19.3.0-0",
        "react-dom": "^18.0.0 || ~19.0.3 || ~19.1.4 || ~19.2.3 || ~19.3.0-0"
      },
      "peerDependenciesMeta": {
        "react": {
          "optional": true
        },
        "react-dom": {
          "optional": true
        }
      }
    },
    "node_modules/@cloudflare/next-on-pages": {
      "version": "1.13.16",
      "resolved": "https://registry.npmjs.org/@cloudflare/next-on-pages/-/next-on-pages-1.13.16.tgz",
      "integrity": "sha512-52h51WNcfmx3szTdTd+n/xgz4qNxFtjOGG0zwnUAhTg8cjPwSUYmZp0OPRNw2jYG9xHwRS2ttSPAS8tcGkQGsw==",
      "deprecated": "Please use the OpenNext adapter instead: https://opennext.js.org/cloudflare",
      "dev": true,
      "license": "MIT",
      "dependencies": {
        "acorn": "^8.8.0",
        "ast-types": "^0.14.2",
        "chalk": "^5.2.0",
        "chokidar": "^3.5.3",
        "commander": "^11.1.0",
        "cookie": "^0.5.0",
        "esbuild": "^0.15.3",
        "js-yaml": "^4.1.0",
        "miniflare": "^3.20231218.1",
        "package-manager-manager": "^0.2.0",
        "pcre-to-regexp": "^1.1.0",
        "semver": "^7.5.2"
      },
      "bin": {
        "next-on-pages": "bin/index.js"
      },
      "peerDependencies": {
        "@cloudflare/workers-types": "^4.20240208.0",
        "next": ">=14.3.0 && <=15.5.2",
        "vercel": ">=30.0.0 && <=47.0.4",
        "wrangler": "^3.28.2 || ^4.0.0"
      },
      "peerDependenciesMeta": {
        "@cloudflare/workers-types": {
          "optional": true
        }
      }
    },
    "node_modules/next": {
      "version": "15.2.8",
      "resolved": "https://registry.npmjs.org/next/-/next-15.2.8.tgz",
      "integrity": "sha512-R50JqIxRxNjVVgxc9b5f9CgLdMy7m+5sEVD8e5FbYnHFzF5fvNE6w2cxH1Dm8E8xrGCE3XCWQ5MnAMFb0AuAQ==",
      "engines": {
        "node": ">=20.9"
      }
    },
    "node_modules/react": {
      "version": "19.2.6",
      "resolved": "https://registry.npmjs.org/react/-/react-19.2.6.tgz",
      "integrity": "sha512-2Ot4TLaDEZAGLCNQcv1HzM1QH3qnVXzVmBm3Y7CMbIbrvLBaYBjxHPHAzHEtvOE3i5RbVpZPxbZqOVsJrDiPwg==",
      "engines": {
        "node": ">=0.10.0"
      }
    },
    "node_modules/react-dom": {
      "version": "19.2.6",
      "resolved": "https://registry.npmjs.org/react-dom/-/react-dom-19.2.6.tgz",
      "integrity": "sha512-wyLwDHaVmQFJxVVWE/M8CpEVqOKGZFLVkrxJYWYMbwIBPnkSbzMpvGfk7pQvCHpLVd8rIFPXdfPLPFMcP3nSYA==",
      "peerDependencies": {
        "react": "^19.2.6"
      }
    },
    "node_modules/firebase": {
      "version": "11.0.2",
      "resolved": "https://registry.npmjs.org/firebase/-/firebase-11.0.2.tgz",
      "integrity": "sha512-Kx3ELHu/IClsXVZZjVmPWxmkZsI1tKLKkME9JFwJ7pHaVV3fKVqZXYWx1qXVwVqVNW7PwB8hJn5e7sYVVxFTBw==",
      "engines": {
        "node": ">=20.0.0"
      }
    },
    "node_modules/firebase-admin": {
      "version": "12.7.0",
      "resolved": "https://registry.npmjs.org/firebase-admin/-/firebase-admin-12.7.0.tgz",
      "integrity": "sha512-LQJP/C52HnS7MjYzqpX+C4Ufm4FN4i+8cNm1K1q1Bwms8G2EZPCMpTOxTHaU1dqQlSLO9fHPZwqcjXm4kzCXg==",
      "engines": {
        "node": ">=20.0.0"
      }
    },
    "node_modules/dotenv": {
      "version": "17.4.2",
      "resolved": "https://registry.npmjs.org/dotenv/-/dotenv-17.4.2.tgz",
      "integrity": "sha512-cPxlGHm3NXzC6cVmgRzB2p7C2/Z7bG6rJFMw7QZ8SZfZ8dJKCwIk7c39Vs1VaYQx/Abl0S8iHU8Jx7Y9QSMJQ==",
      "engines": {
        "node": ">=20.0"
      }
    },
    "node_modules/lucide-react": {
      "version": "1.16.0",
      "resolved": "https://registry.npmjs.org/lucide-react/-/lucide-react-1.16.0.tgz",
      "integrity": "sha512-MH2bCrSCJnJB9wvVDR5A3iQBx4vBHlKVkKPyaS+/h1EbF3V3qBxRZT3JAv3hhLTmzl0F7hCqLx0j5d8sDi1aWA==",
      "peerDependencies": {
        "react": "^16.5.1 || ^17.0.0 || ^18.0.0 || ^19.0.0"
      }
    },
    "node_modules/@tanstack/query-core": {
      "version": "5.100.6",
      "resolved": "https://registry.npmjs.org/@tanstack/query-core/-/query-core-5.100.6.tgz",
      "integrity": "sha512-kFMQwQHy3vR2gJBfXjbZVMZKYaiBvHBqfP7m7TYsYxzEJnT8+5FYPAY1d2d0V6x6gK+3p0xdfqVzrVOxKnkpw=="
    },
    "node_modules/dequal": {
      "version": "2.0.3",
      "resolved": "https://registry.npmjs.org/dequal/-/dequal-2.0.3.tgz",
      "integrity": "sha512-0je+qPyW1D/axios8mWBzFV6Ow0F2HBtDK8wrWCVLrZvh50P04buabQRefggxvb2e26UA9ce0dRSUlB5p3OA1Q==",
      "engines": {
        "node": ">=6"
      }
    },
    "node_modules/tslib": {
      "version": "2.8.1",
      "resolved": "https://registry.npmjs.org/tslib/-/tslib-2.8.1.tgz",
      "integrity": "sha512-oJFu94HQb+KVduSUQL7wnpmqnfmLsOA/nAh6b6EH0wCEoK0/mPeXU6c3wKDV83MkOuHPRHtSXKKU99IBazS/2w=="
    },
    "node_modules/server-only": {
      "version": "0.0.1",
      "resolved": "https://registry.npmjs.org/server-only/-/server-only-0.0.1.tgz",
      "integrity": "sha512-qepnjkmax4753JVQ0w/dyys6bx1gZ3Jfc8P0dLmUwjv6FW8Ec/fk7Ml4/R6nWP7IBcIe6U5QD1U2+YvZvlgxvg=="
    },
    "node_modules/@playwright/test": {
      "version": "1.49.0",
      "resolved": "https://registry.npmjs.org/@playwright/test/-/test-1.49.0.tgz",
      "integrity": "sha512-k4CdQZA5b0I/0C8A14J0Z/NqLVqDr7OqDGtqLaFQTMNgCXIiWGS/dYLiUvdLSzEPQ30D+yAE4K2Uu9J1wNfg==",
      "dev": true,
      "engines": {
        "node": ">=20"
      },
      "bin": {
        "playwright": "cli.js"
      }
    },
    "node_modules/@tailwindcss/postcss": {
      "version": "4.0.0",
      "resolved": "https://registry.npmjs.org/@tailwindcss/postcss/-/postcss-4.0.0.tgz",
      "integrity": "sha512-ThhZ5gP0h0s3BPf0sPgSgBpjZXLMBq7qBV/Y8gYl/L5/HB5m5qFXaXLLl/+qg4lqLLEF8EZe/1jKkxT1DyDIQ==",
      "dev": true,
      "engines": {
        "node": ">=18.0"
      }
    },
    "node_modules/@testing-library/dom": {
      "version": "10.4.1",
      "resolved": "https://registry.npmjs.org/@testing-library/dom/-/dom-10.4.1.tgz",
      "integrity": "sha512-kQv2MKAzdzKFbtVqwVmHQa9t/BNfK8eDPxMuLjzDEXGWCRVMpYXTSjL2t0HS0l8s99V2n2OWfRDN+PvgBLFWA==",
      "dev": true,
      "engines": {
        "node": ">=18"
      }
    },
    "node_modules/@testing-library/jest-dom": {
      "version": "6.9.1",
      "resolved": "https://registry.npmjs.org/@testing-library/jest-dom/-/jest-dom-6.9.1.tgz",
      "integrity": "sha512-7nk11eFsS2q6SgtSQDBXnvwdaO6oVbwMSMTFMz0L9TwPGPyAVzzP35EHSZCv4EjqKvlAqDFKKxzOpDnxWMZGXA==",
      "dev": true,
      "engines": {
        "node": ">=18"
      }
    },
    "node_modules/@testing-library/react": {
      "version": "16.3.2",
      "resolved": "https://registry.npmjs.org/@testing-library/react/-/react-16.3.2.tgz",
      "integrity": "sha512-WLRbDOm8qo/hfpLGYDhWNnVtMdNvZVXMu+3kPYHGZ8aERq5q3b6H1rxSXHAqcvQ+coCvaBrIg2lZe7b6Ysqvg==",
      "dev": true,
      "peerDependencies": {
        "react": "^16.8.0 || ^17.0.0 || ^18.0.0 || ^19.0.0",
        "react-dom": "^16.8.0 || ^17.0.0 || ^18.0.0 || ^19.0.0"
      }
    },
    "node_modules/@types/node": {
      "version": "20.16.10",
      "resolved": "https://registry.npmjs.org/@types/node/-/node-20.16.10.tgz",
      "integrity": "sha512-Qpg2gowbWxNyNdPLx1xKnRkC1VcKYxvDXr1O/rHlDEHYkR5YdqGvARKbJ5L5L5dL4VzBR5XqKfEI3VqUmLRdQ==",
      "dev": true
    },
    "node_modules/@types/react": {
      "version": "19.0.7",
      "resolved": "https://registry.npmjs.org/@types/react/-/react-19.0.7.tgz",
      "integrity": "sha512-5cXARvGmE+C3H/8+B6YVTsJ6iKrKEGvFgSXMKQg5e5U1wDhOlFD7+3pMELz0n8MHxYrZEKLl6VR1VobjFbAkA==",
      "dev": true,
      "peerDependencies": {
        "csstype": "*"
      }
    },
    "node_modules/@types/react-dom": {
      "version": "19.0.3",
      "resolved": "https://registry.npmjs.org/@types/react-dom/-/react-dom-19.0.3.tgz",
      "integrity": "sha512-agP4IVWpHlSdT8HxR/E7q+yN2F3LJQFkVn0HZI3Ub9BqBYiLOtVBKO7VlCiDu2QQsLJPaF0E2qXB03YqYvNqVg==",
      "dev": true,
      "peerDependencies": {
        "react-dom": "^19.0.0"
      }
    },
    "node_modules/@vitejs/plugin-react": {
      "version": "6.0.2",
      "resolved": "https://registry.npmjs.org/@vitejs/plugin-react/-/plugin-react-6.0.2.tgz",
      "integrity": "sha512-dh7t1YLFk3q0phk+gKdBKfBnTQDu3bvqfRvZZtLELqFwpRh0WCm6LiVkVLaC/k3XH0K7gH7BPMVQ4L0eVvNqg==",
      "dev": true,
      "engines": {
        "node": "^18 || >=20"
      }
    },
    "node_modules/eslint": {
      "version": "9.16.0",
      "resolved": "https://registry.npmjs.org/eslint/-/eslint-9.16.0.tgz",
      "integrity": "sha512-Zu+WmJRKxZ4qkVsY+K+sNJLmXCaVPPgCE/Ia4D1GAVaKPm4jSZuOwKIGxO9HaChM3L/9LfvCbOxqb5NQHrDfg==",
      "dev": true,
      "engines": {
        "node": "^18.18.0 || ^20.9.0 || >=21.1.0"
      },
      "bin": {
        "eslint": "bin/eslint.js"
      }
    },
    "node_modules/eslint-config-next": {
      "version": "15.2.8",
      "resolved": "https://registry.npmjs.org/eslint-config-next/-/eslint-config-next-15.2.8.tgz",
      "integrity": "sha512-zWjLPYzKvEfXHi/x7pEdWCXPe6wOZJHXHxMNLbK1g3SqJ6CnxfBVBzA+SX3l1+p9PxMGKl7FZ08l4tZBIHkEg==",
      "dev": true,
      "peerDependencies": {
        "eslint": "^9.0.0",
        "next": "^15.0.0 || ^16.0.0"
      }
    },
    "node_modules/jsdom": {
      "version": "29.1.1",
      "resolved": "https://registry.npmjs.org/jsdom/-/jsdom-29.1.1.tgz",
      "integrity": "sha512-6mUF0YNs3Fk0VFNnk7xRqZmXI0KY58+u3hFy1nnJlV5y81B9+BPNJrfqXNdvU9VAVSKnGhVYlv0T3cCZC1Dxw==",
      "dev": true,
      "engines": {
        "node": ">=20"
      }
    },
    "node_modules/tailwindcss": {
      "version": "4.0.0",
      "resolved": "https://registry.npmjs.org/tailwindcss/-/tailwindcss-4.0.0.tgz",
      "integrity": "sha512-2DfAPZ7D3xvSLJLtxZIyAKBmXlE3jTEBZXYO7PiMy0bALfVXqXplHJ3Zf4p3bqpZPdBs2hQdTrFsVfBNjqNyA==",
      "dev": true,
      "engines": {
        "node": ">=18.0"
      }
    },
    "node_modules/typescript": {
      "version": "5.7.2",
      "resolved": "https://registry.npmjs.org/typescript/-/typescript-5.7.2.tgz",
      "integrity": "sha512-i5t66kHVzqnLnysLPiML8PgVIlV+MvUlAmIBXJrRn/+BIlPDMoYxliMvchfUBtbN7PXjShaQA60qHi/+SEafKw==",
      "dev": true,
      "bin": {
        "tsc": "bin/tsc",
        "tsserver": "bin/tsserver"
      },
      "engines": {
        "node": ">=14.17"
      }
    },
    "node_modules/vitest": {
      "version": "4.1.7",
      "resolved": "https://registry.npmjs.org/vitest/-/vitest-4.1.7.tgz",
      "integrity": "sha512-TBG6YaXKJMAVW4EhKzDk3cZHPr6F1G2kMbqPDlVGpXPvFYDePzfquZBb9dXLUJLLiLbkpLhFMvxDvSGjSVfxg==",
      "dev": true,
      "bin": {
        "vitest": "vitest.mjs"
      },
      "engines": {
        "node": "^14.18.0 || >=16.0.0"
      }
    },
    "node_modules/glob-to-regexp": {
      "version": "0.4.1",
      "resolved": "https://registry.npmjs.org/glob-to-regexp/-/glob-to-regexp-0.4.1.tgz",
      "integrity": "sha512-lkX1HJXwyMcprw/5YUZc2/7OG02VeUJwLk2mUWoteD6G3KG+oPNzm6f8OKmXVQUZCohvB9Atc27+k8P+vwOE1w=="
    },
    "node_modules/js-cookie": {
      "version": "3.0.5",
      "resolved": "https://registry.npmjs.org/js-cookie/-/js-cookie-3.0.5.tgz",
      "integrity": "sha512-cEiJEAZ+TCWjrNO+JrJ5HeHVG8DNzoI3VE4O9fcM/4W1BJtseAdWaHdp+W4aXxePWhRYYe+dMnISZjtr+wsI3A==",
      "engines": {
        "node": ">=14"
      }
    },
    "node_modules/std-env": {
      "version": "3.9.0",
      "resolved": "https://registry.npmjs.org/std-env/-/std-env-3.9.0.tgz",
      "integrity": "sha512-5lW5N/LSjJkdSRIhI3/6gBcl8A4h8LGaXe8E6wPUEIZWWKQu1rV8p4MScSwbVsWjcGCE0t43xvzvOgKWIWRrw=="
    },
    "node_modules/standardwebhooks": {
      "version": "1.0.0",
      "resolved": "https://registry.npmjs.org/standardwebhooks/-/standardwebhooks-1.0.0.tgz",
      "integrity": "sha512-WUJGZrEWJZqmvpuEVEGqyYpZqYrV+qBUYm8MFI0+XjpGkLUe0e1fP5wTZg2AEgEGLECM2nqFjnngOWhLpPcYg=="
    },
    "node_modules/acorn": {
      "version": "8.12.1",
      "resolved": "https://registry.npmjs.org/acorn/-/acorn-8.12.1.tgz",
      "integrity": "sha512-tcpGyI9zbizT9JbV6oYE477V6mTlXvvi0T0G3SNIYE2aM/G5snVZbrY3EiROQymbtiuU06zlb5cHc4PTKwJpw==",
      "dev": true,
      "bin": {
        "acorn": "bin/acorn"
      },
      "engines": {
        "node": ">=0.4.0"
      }
    },
    "node_modules/chalk": {
      "version": "5.6.2",
      "resolved": "https://registry.npmjs.org/chalk/-/chalk-5.6.2.tgz",
      "integrity": "sha512-7NzBL0rN6fMUW+f7A6Io4h40qQlG+xGmtMxfbnH/K7TAtt8JQWVQK+6g0UXKMeVJoyV5EkkNsErQ8pVD3bLHbA==",
      "dev": true,
      "license": "MIT",
      "engines": {
        "node": "^12.17.0 || ^14.13 || >=16.0.0"
      }
    },
    "node_modules/commander": {
      "version": "11.1.0",
      "resolved": "https://registry.npmjs.org/commander/-/commander-11.1.0.tgz",
      "integrity": "sha512-yPVzqDpluTlQUclfqmBC+nsSQzhyotQMq369gtatC+9zt8uoY2sjqFGl/3PMAVl/+HHjjqM4uIKD9+PF2+LSg==",
      "dev": true,
      "engines": {
        "node": ">=16"
      }
    },
    "node_modules/cookie": {
      "version": "0.5.0",
      "resolved": "https://registry.npmjs.org/cookie/-/cookie-0.5.0.tgz",
      "integrity": "sha512-YZ3GUyn/o8gfKJlnlX7g7xkB+kS5KX3DZrYLYUTf19ZjI0QD8ma/uC5Z0uvUCnqEk10Tl2+5d7A9v60os/ede==",
      "dev": true,
      "engines": {
        "node": ">= 0.6"
      }
    }
  }
}
